
Microsoft Visual Studio Solution File, Format Version 12.00
# Visual Studio Version 16
VisualStudioVersion = 16.0.31129.286
MinimumVisualStudioVersion = 10.0.40219.1
Project("{FAE04EC0-301F-11D3-BF4B-00C04F79EFBC}") = "kursova_demos", "kursova_demos\kursova_demos.csproj", "{DAF5BFF3-27E7-4F2C-A881-C5B76EA28DEF}"
EndProject
Global
	GlobalSection(SolutionConfigurationPlatforms) = preSolution
		Debug|Any CPU = Debug|Any CPU
		Release|Any CPU = Release|Any CPU
	EndGlobalSection
	GlobalSection(ProjectConfigurationPlatforms) = postSolution
		{DAF5BFF3-27E7-4F2C-A881-C5B76EA28DEF}.Debug|Any CPU.ActiveCfg = Debug|Any CPU
		{DAF5BFF3-27E7-4F2C-A881-C5B76EA28DEF}.Debug|Any CPU.Build.0 = Debug|Any CPU
		{DAF5BFF3-27E7-4F2C-A881-C5B76EA28DEF}.Release|Any CPU.ActiveCfg = Release|Any CPU
		{DAF5BFF3-27E7-4F2C-A881-C5B76EA28DEF}.Release|Any CPU.Build.0 = Release|Any CPU
	EndGlobalSection
	GlobalSection(SolutionProperties) = preSolution
		HideSolutionNode = FALSE
	EndGlobalSection
	GlobalSection(ExtensibilityGlobals) = postSolution
		SolutionGuid = {33614987-77C8-4287-BC12-52D29B00B3FE}
	EndGlobalSection
EndGlobal
